PODS:
  - accessing_security_scoped_resource (0.0.1):
    - Flutter
    - FlutterMacOS
  - app_links (0.0.2):
    - Flutter
  - AppAuth (1.7.6):
    - AppAuth/Core (= 1.7.6)
    - AppAuth/ExternalUserAgent (= 1.7.6)
  - AppAuth/Core (1.7.6)
  - AppAuth/ExternalUserAgent (1.7.6):
    - AppAuth/Core
  - AppCheckCore (11.2.0):
    - GoogleUtilities/Environment (~> 8.0)
    - GoogleUtilities/UserDefaults (~> 8.0)
    - PromisesObjC (~> 2.4)
  - appmetrica_plugin (3.1.0):
    - AppMetricaAnalytics (~> 5.8)
    - Flutter
  - AppMetricaAdSupport (5.10.0):
    - AppMetricaCore (= 5.10.0)
    - AppMetricaCoreExtension (= 5.10.0)
  - AppMetricaAnalytics (5.10.0):
    - AppMetricaAdSupport (= 5.10.0)
    - AppMetricaCore (= 5.10.0)
    - AppMetricaCrashes (= 5.10.0)
    - AppMetricaScreenshot (= 5.10.0)
    - AppMetricaWebKit (= 5.10.0)
  - AppMetricaCore (5.10.0):
    - AppMetricaCoreUtils (= 5.10.0)
    - AppMetricaEncodingUtils (= 5.10.0)
    - AppMetricaFMDB (= 5.10.0)
    - AppMetricaHostState (= 5.10.0)
    - AppMetricaIdentifiers (= 5.10.0)
    - AppMetricaKeychain (= 5.10.0)
    - AppMetricaLog (= 5.10.0)
    - AppMetricaNetwork (= 5.10.0)
    - AppMetricaPlatform (= 5.10.0)
    - AppMetricaProtobuf (= 5.10.0)
    - AppMetricaProtobufUtils (= 5.10.0)
    - AppMetricaStorageUtils (= 5.10.0)
  - AppMetricaCoreExtension (5.10.0):
    - AppMetricaCore (= 5.10.0)
    - AppMetricaStorageUtils (= 5.10.0)
  - AppMetricaCoreUtils (5.10.0):
    - AppMetricaLog (= 5.10.0)
  - AppMetricaCrashes (5.10.0):
    - AppMetricaCore (= 5.10.0)
    - AppMetricaCoreExtension (= 5.10.0)
    - AppMetricaCoreUtils (= 5.10.0)
    - AppMetricaEncodingUtils (= 5.10.0)
    - AppMetricaHostState (= 5.10.0)
    - AppMetricaLog (= 5.10.0)
    - AppMetricaPlatform (= 5.10.0)
    - AppMetricaProtobufUtils (= 5.10.0)
    - AppMetricaStorageUtils (= 5.10.0)
    - KSCrash/Recording (< 2.1.0, >= 2.0.0)
  - AppMetricaEncodingUtils (5.10.0):
    - AppMetricaCoreUtils (= 5.10.0)
    - AppMetricaLog (= 5.10.0)
    - AppMetricaPlatform (= 5.10.0)
  - AppMetricaFMDB (5.10.0)
  - AppMetricaHostState (5.10.0):
    - AppMetricaCoreUtils (= 5.10.0)
    - AppMetricaLog (= 5.10.0)
  - AppMetricaIdentifiers (5.10.0):
    - AppMetricaKeychain (= 5.10.0)
    - AppMetricaLogSwift (= 5.10.0)
    - AppMetricaPlatform (= 5.10.0)
    - AppMetricaStorageUtils (= 5.10.0)
    - AppMetricaSynchronization (= 5.10.0)
  - AppMetricaKeychain (5.10.0):
    - AppMetricaCoreUtils (= 5.10.0)
    - AppMetricaLog (= 5.10.0)
    - AppMetricaStorageUtils (= 5.10.0)
  - AppMetricaLog (5.10.0)
  - AppMetricaLogSwift (5.10.0):
    - AppMetricaLog (= 5.10.0)
  - AppMetricaNetwork (5.10.0):
    - AppMetricaCoreUtils (= 5.10.0)
    - AppMetricaLog (= 5.10.0)
    - AppMetricaPlatform (= 5.10.0)
  - AppMetricaPlatform (5.10.0):
    - AppMetricaCoreUtils (= 5.10.0)
    - AppMetricaLog (= 5.10.0)
  - AppMetricaProtobuf (5.10.0)
  - AppMetricaProtobufUtils (5.10.0):
    - AppMetricaProtobuf (= 5.10.0)
  - AppMetricaScreenshot (5.10.0):
    - AppMetricaCore (= 5.10.0)
    - AppMetricaCoreExtension (= 5.10.0)
  - AppMetricaStorageUtils (5.10.0):
    - AppMetricaCoreUtils (= 5.10.0)
    - AppMetricaLog (= 5.10.0)
  - AppMetricaSynchronization (5.10.0):
    - AppMetricaLogSwift (= 5.10.0)
  - AppMetricaWebKit (5.10.0):
    - AppMetricaCore (= 5.10.0)
    - AppMetricaCoreUtils (= 5.10.0)
    - AppMetricaLog (= 5.10.0)
  - audioplayers_darwin (0.0.1):
    - Flutter
  - camera_avfoundation (0.0.1):
    - Flutter
  - CropViewController (2.7.4)
  - DKCamera (1.6.7)
  - DKImagePickerController (4.3.4):
    - DKImagePickerController/Camera (= 4.3.4)
    - DKImagePickerController/Core (= 4.3.4)
    - DKImagePickerController/ImageDataManager (= 4.3.4)
    - DKImagePickerController/InlineCamera (= 4.3.4)
    - DKImagePickerController/PhotoEditor (= 4.3.4)
    - DKImagePickerController/PhotoGallery (= 4.3.4)
    - DKImagePickerController/Resource (= 4.3.4)
  - DKImagePickerController/Camera (4.3.4):
    - DKCamera
    - DKImagePickerController/Core
  - DKImagePickerController/Core (4.3.4):
    - DKImagePickerController/ImageDataManager
    - DKImagePickerController/Resource
  - DKImagePickerController/ImageDataManager (4.3.4)
  - DKImagePickerController/InlineCamera (4.3.4):
    - DKCamera
    - DKImagePickerController/Core
  - DKImagePickerController/PhotoEditor (4.3.4):
    - CropViewController (~> 2.5)
    - DKImagePickerController/Core
  - DKImagePickerController/PhotoGallery (4.3.4):
    - DKImagePickerController/Core
    - DKPhotoGallery
  - DKImagePickerController/Resource (4.3.4)
  - DKPhotoGallery (0.0.19):
    - DKPhotoGallery/Core (= 0.0.19)
    - DKPhotoGallery/Model (= 0.0.19)
    - DKPhotoGallery/Preview (= 0.0.19)
    - DKPhotoGallery/Resource (= 0.0.19)
    - SDWebImage
    - SwiftyGif
  - DKPhotoGallery/Core (0.0.19):
    - DKPhotoGallery/Model
    - DKPhotoGallery/Preview
    - SDWebImage
    - SwiftyGif
  - DKPhotoGallery/Model (0.0.19):
    - SDWebImage
    - SwiftyGif
  - DKPhotoGallery/Preview (0.0.19):
    - DKPhotoGallery/Model
    - DKPhotoGallery/Resource
    - SDWebImage
    - SwiftyGif
  - DKPhotoGallery/Resource (0.0.19):
    - SDWebImage
    - SwiftyGif
  - file_picker (0.0.1):
    - DKImagePickerController/PhotoGallery
    - Flutter
  - Firebase/CoreOnly (11.10.0):
    - FirebaseCore (~> 11.10.0)
  - firebase_core (3.13.0):
    - Firebase/CoreOnly (= 11.10.0)
    - Flutter
  - FirebaseCore (11.10.0):
    - FirebaseCoreInternal (~> 11.10.0)
    - GoogleUtilities/Environment (~> 8.0)
    - GoogleUtilities/Logger (~> 8.0)
  - FirebaseCoreInternal (11.10.0):
    - "GoogleUtilities/NSData+zlib (~> 8.0)"
  - Flutter (1.0.0)
  - flutter_keyboard_visibility_temp_fork (0.0.1):
    - Flutter
  - flutter_localization (0.0.1):
    - Flutter
  - flutter_native_splash (2.4.3):
    - Flutter
  - gal (1.0.0):
    - Flutter
    - FlutterMacOS
  - google_sign_in_ios (0.0.1):
    - AppAuth (>= 1.7.4)
    - Flutter
    - FlutterMacOS
    - GoogleSignIn (~> 8.0)
    - GTMSessionFetcher (>= 3.4.0)
  - GoogleSignIn (8.0.0):
    - AppAuth (< 2.0, >= 1.7.3)
    - AppCheckCore (~> 11.0)
    - GTMAppAuth (< 5.0, >= 4.1.1)
    - GTMSessionFetcher/Core (~> 3.3)
  - GoogleUtilities/Environment (8.1.0):
    - GoogleUtilities/Privacy
  - GoogleUtilities/Logger (8.1.0):
    - GoogleUtilities/Environment
    - GoogleUtilities/Privacy
  - "GoogleUtilities/NSData+zlib (8.1.0)":
    - GoogleUtilities/Privacy
  - GoogleUtilities/Privacy (8.1.0)
  - GoogleUtilities/UserDefaults (8.1.0):
    - GoogleUtilities/Logger
    - GoogleUtilities/Privacy
  - GTMAppAuth (4.1.1):
    - AppAuth/Core (~> 1.7)
    - GTMSessionFetcher/Core (< 4.0, >= 3.3)
  - GTMSessionFetcher (3.5.0):
    - GTMSessionFetcher/Full (= 3.5.0)
  - GTMSessionFetcher/Core (3.5.0)
  - GTMSessionFetcher/Full (3.5.0):
    - GTMSessionFetcher/Core
  - image_picker_ios (0.0.1):
    - Flutter
  - KSCrash/Core (2.0.0)
  - KSCrash/Recording (2.0.0):
    - KSCrash/RecordingCore
  - KSCrash/RecordingCore (2.0.0):
    - KSCrash/Core
  - Mixpanel-swift (5.0.0):
    - Mixpanel-swift/Complete (= 5.0.0)
  - Mixpanel-swift/Complete (5.0.0)
  - mixpanel_flutter (2.4.1):
    - Flutter
    - Mixpanel-swift (= 5.0.0)
  - native_dialog_plus (0.0.1):
    - Flutter
  - open_file_ios (0.0.1):
    - Flutter
  - package_info_plus (0.4.5):
    - Flutter
  - pasteboard (0.0.1):
    - Flutter
  - path_provider_foundation (0.0.1):
    - Flutter
    - FlutterMacOS
  - pdf_render (0.0.1):
    - Flutter
  - permission_handler_apple (9.3.0):
    - Flutter
  - photo_manager (2.0.0):
    - Flutter
    - FlutterMacOS
  - PromisesObjC (2.4.0)
  - quill_native_bridge_ios (0.0.1):
    - Flutter
  - receive_sharing_intent (1.8.1):
    - Flutter
  - record_ios (1.0.0):
    - Flutter
  - SDWebImage (5.21.0):
    - SDWebImage/Core (= 5.21.0)
  - SDWebImage/Core (5.21.0)
  - share_plus (0.0.1):
    - Flutter
  - shared_preferences_foundation (0.0.1):
    - Flutter
    - FlutterMacOS
  - sign_in_with_apple (0.0.1):
    - Flutter
  - sqflite_darwin (0.0.4):
    - Flutter
    - FlutterMacOS
  - status_bar_control (3.2.1):
    - Flutter
  - SwiftyGif (5.4.5)
  - url_launcher_ios (0.0.1):
    - Flutter

DEPENDENCIES:
  - accessing_security_scoped_resource (from `.symlinks/plugins/accessing_security_scoped_resource/darwin`)
  - app_links (from `.symlinks/plugins/app_links/ios`)
  - appmetrica_plugin (from `.symlinks/plugins/appmetrica_plugin/ios`)
  - audioplayers_darwin (from `.symlinks/plugins/audioplayers_darwin/ios`)
  - camera_avfoundation (from `.symlinks/plugins/camera_avfoundation/ios`)
  - DKImagePickerController (= 4.3.4)
  - DKPhotoGallery (= 0.0.19)
  - file_picker (from `.symlinks/plugins/file_picker/ios`)
  - firebase_core (from `.symlinks/plugins/firebase_core/ios`)
  - Flutter (from `Flutter`)
  - flutter_keyboard_visibility_temp_fork (from `.symlinks/plugins/flutter_keyboard_visibility_temp_fork/ios`)
  - flutter_localization (from `.symlinks/plugins/flutter_localization/ios`)
  - flutter_native_splash (from `.symlinks/plugins/flutter_native_splash/ios`)
  - gal (from `.symlinks/plugins/gal/darwin`)
  - google_sign_in_ios (from `.symlinks/plugins/google_sign_in_ios/darwin`)
  - image_picker_ios (from `.symlinks/plugins/image_picker_ios/ios`)
  - Mixpanel-swift (= 5.0.0)
  - mixpanel_flutter (from `.symlinks/plugins/mixpanel_flutter/ios`)
  - native_dialog_plus (from `.symlinks/plugins/native_dialog_plus/ios`)
  - open_file_ios (from `.symlinks/plugins/open_file_ios/ios`)
  - package_info_plus (from `.symlinks/plugins/package_info_plus/ios`)
  - pasteboard (from `.symlinks/plugins/pasteboard/ios`)
  - path_provider_foundation (from `.symlinks/plugins/path_provider_foundation/darwin`)
  - pdf_render (from `.symlinks/plugins/pdf_render/ios`)
  - permission_handler_apple (from `.symlinks/plugins/permission_handler_apple/ios`)
  - photo_manager (from `.symlinks/plugins/photo_manager/ios`)
  - quill_native_bridge_ios (from `.symlinks/plugins/quill_native_bridge_ios/ios`)
  - receive_sharing_intent (from `.symlinks/plugins/receive_sharing_intent/ios`)
  - record_ios (from `.symlinks/plugins/record_ios/ios`)
  - SDWebImage (= 5.21.0)
  - share_plus (from `.symlinks/plugins/share_plus/ios`)
  - shared_preferences_foundation (from `.symlinks/plugins/shared_preferences_foundation/darwin`)
  - sign_in_with_apple (from `.symlinks/plugins/sign_in_with_apple/ios`)
  - sqflite_darwin (from `.symlinks/plugins/sqflite_darwin/darwin`)
  - status_bar_control (from `.symlinks/plugins/status_bar_control/ios`)
  - url_launcher_ios (from `.symlinks/plugins/url_launcher_ios/ios`)

SPEC REPOS:
  trunk:
    - AppAuth
    - AppCheckCore
    - AppMetricaAdSupport
    - AppMetricaAnalytics
    - AppMetricaCore
    - AppMetricaCoreExtension
    - AppMetricaCoreUtils
    - AppMetricaCrashes
    - AppMetricaEncodingUtils
    - AppMetricaFMDB
    - AppMetricaHostState
    - AppMetricaIdentifiers
    - AppMetricaKeychain
    - AppMetricaLog
    - AppMetricaLogSwift
    - AppMetricaNetwork
    - AppMetricaPlatform
    - AppMetricaProtobuf
    - AppMetricaProtobufUtils
    - AppMetricaScreenshot
    - AppMetricaStorageUtils
    - AppMetricaSynchronization
    - AppMetricaWebKit
    - CropViewController
    - DKCamera
    - DKImagePickerController
    - DKPhotoGallery
    - Firebase
    - FirebaseCore
    - FirebaseCoreInternal
    - GoogleSignIn
    - GoogleUtilities
    - GTMAppAuth
    - GTMSessionFetcher
    - KSCrash
    - Mixpanel-swift
    - PromisesObjC
    - SDWebImage
    - SwiftyGif

EXTERNAL SOURCES:
  accessing_security_scoped_resource:
    :path: ".symlinks/plugins/accessing_security_scoped_resource/darwin"
  app_links:
    :path: ".symlinks/plugins/app_links/ios"
  appmetrica_plugin:
    :path: ".symlinks/plugins/appmetrica_plugin/ios"
  audioplayers_darwin:
    :path: ".symlinks/plugins/audioplayers_darwin/ios"
  camera_avfoundation:
    :path: ".symlinks/plugins/camera_avfoundation/ios"
  file_picker:
    :path: ".symlinks/plugins/file_picker/ios"
  firebase_core:
    :path: ".symlinks/plugins/firebase_core/ios"
  Flutter:
    :path: Flutter
  flutter_keyboard_visibility_temp_fork:
    :path: ".symlinks/plugins/flutter_keyboard_visibility_temp_fork/ios"
  flutter_localization:
    :path: ".symlinks/plugins/flutter_localization/ios"
  flutter_native_splash:
    :path: ".symlinks/plugins/flutter_native_splash/ios"
  gal:
    :path: ".symlinks/plugins/gal/darwin"
  google_sign_in_ios:
    :path: ".symlinks/plugins/google_sign_in_ios/darwin"
  image_picker_ios:
    :path: ".symlinks/plugins/image_picker_ios/ios"
  mixpanel_flutter:
    :path: ".symlinks/plugins/mixpanel_flutter/ios"
  native_dialog_plus:
    :path: ".symlinks/plugins/native_dialog_plus/ios"
  open_file_ios:
    :path: ".symlinks/plugins/open_file_ios/ios"
  package_info_plus:
    :path: ".symlinks/plugins/package_info_plus/ios"
  pasteboard:
    :path: ".symlinks/plugins/pasteboard/ios"
  path_provider_foundation:
    :path: ".symlinks/plugins/path_provider_foundation/darwin"
  pdf_render:
    :path: ".symlinks/plugins/pdf_render/ios"
  permission_handler_apple:
    :path: ".symlinks/plugins/permission_handler_apple/ios"
  photo_manager:
    :path: ".symlinks/plugins/photo_manager/ios"
  quill_native_bridge_ios:
    :path: ".symlinks/plugins/quill_native_bridge_ios/ios"
  receive_sharing_intent:
    :path: ".symlinks/plugins/receive_sharing_intent/ios"
  record_ios:
    :path: ".symlinks/plugins/record_ios/ios"
  share_plus:
    :path: ".symlinks/plugins/share_plus/ios"
  shared_preferences_foundation:
    :path: ".symlinks/plugins/shared_preferences_foundation/darwin"
  sign_in_with_apple:
    :path: ".symlinks/plugins/sign_in_with_apple/ios"
  sqflite_darwin:
    :path: ".symlinks/plugins/sqflite_darwin/darwin"
  status_bar_control:
    :path: ".symlinks/plugins/status_bar_control/ios"
  url_launcher_ios:
    :path: ".symlinks/plugins/url_launcher_ios/ios"

SPEC CHECKSUMS:
  accessing_security_scoped_resource: 3a05a5065d3be96d3369f719c522e626f16d173c
  app_links: f3e17e4ee5e357b39d8b95290a9b2c299fca71c6
  AppAuth: d4f13a8fe0baf391b2108511793e4b479691fb73
  AppCheckCore: cc8fd0a3a230ddd401f326489c99990b013f0c4f
  appmetrica_plugin: 22d4d1eb9d070509fce428774b7f0d0686564010
  AppMetricaAdSupport: 67f05ff0b3b22bb43fe4b4205860024e38f4a45e
  AppMetricaAnalytics: 98ca36f2b6ef668fc2d8a5a7164a5c072107686c
  AppMetricaCore: e123a74141e9af2d9e4edb98429042e868c6a7f5
  AppMetricaCoreExtension: 7c5d81435f6cadb7487780fb377eb214241a7fb3
  AppMetricaCoreUtils: d847c6ea304e0246ffc6e7d0e559d6a1cbf633b3
  AppMetricaCrashes: 89f120bf9cc2713a680ea6733d7d7ac1572e28f8
  AppMetricaEncodingUtils: a0c44b85e864af0d9aa5d7ca4bb255f494e28cba
  AppMetricaFMDB: 43424f0302398a4233a265e9aa5f5176a0d9f808
  AppMetricaHostState: dcb06d1af7352d429afd3b08f1d557c687f1354a
  AppMetricaIdentifiers: 8a6795f7a45285e3552e7746795f3f36dacea4b9
  AppMetricaKeychain: 29f6f3b719f08fb41c29973cb04bb2962c234460
  AppMetricaLog: caa4717bf9406bc58fd3a69b3f3675c37cfe215a
  AppMetricaLogSwift: 2fab7a1cb95eca5cc7e6c56fbd87595f7224c9f3
  AppMetricaNetwork: 6589215571aab0bd5d164d73962ebe99004ada4f
  AppMetricaPlatform: 185adcfdf779e415e42773cb91ca094871750689
  AppMetricaProtobuf: efadf09fa9d9f06982e34a5cfca7f389e40b302c
  AppMetricaProtobufUtils: c7d796187f99d94a00045f954800187d805f7c9d
  AppMetricaScreenshot: a0ae90b6f03ce9fdef14992c9d688937c9759daa
  AppMetricaStorageUtils: e11e8ef9d2f245ca5bf64037738bf335999c7944
  AppMetricaSynchronization: 248f3c11e8459c1e4bd09e03a09ee2cff7acfce7
  AppMetricaWebKit: 9059f5404adbfe46b370161c2ec138e586c6c52b
  audioplayers_darwin: 877d9a4d06331c5c374595e46e16453ac7eafa40
  camera_avfoundation: adb0207d868b2d873e895371d88448399ab78d87
  CropViewController: 3489bbf95a3e11c654382b0bae08ac645cdf1b93
  DKCamera: a902b66921fca14b7a75266feb8c7568aa7caa71
  DKImagePickerController: b512c28220a2b8ac7419f21c491fc8534b7601ac
  DKPhotoGallery: b3834fecb755ee09a593d7c9e389d8b5d6deed60
  file_picker: b159e0c068aef54932bb15dc9fd1571818edaf49
  Firebase: 1fe1c0a7d9aaea32efe01fbea5f0ebd8d70e53a2
  firebase_core: 432718558359a8c08762151b5f49bb0f093eb6e0
  FirebaseCore: 8344daef5e2661eb004b177488d6f9f0f24251b7
  FirebaseCoreInternal: ef4505d2afb1d0ebbc33162cb3795382904b5679
  Flutter: e0871f40cf51350855a761d2e70bf5af5b9b5de7
  flutter_keyboard_visibility_temp_fork: 8a8809c4129e31d25fca77446e0f3fd548122ced
  flutter_localization: f43b18844a2b3d2c71fd64f04ffd6b1e64dd54d4
  flutter_native_splash: df59bb2e1421aa0282cb2e95618af4dcb0c56c29
  gal: 6a522c75909f1244732d4596d11d6a2f86ff37a5
  google_sign_in_ios: 7411fab6948df90490dc4620ecbcabdc3ca04017
  GoogleSignIn: ce8c89bb9b37fb624b92e7514cc67335d1e277e4
  GoogleUtilities: 00c88b9a86066ef77f0da2fab05f65d7768ed8e1
  GTMAppAuth: f69bd07d68cd3b766125f7e072c45d7340dea0de
  GTMSessionFetcher: 5aea5ba6bd522a239e236100971f10cb71b96ab6
  image_picker_ios: c560581cceedb403a6ff17f2f816d7fea1421fc1
  KSCrash: ad271a7799f0a2841be0fb7d6bd105444c440832
  Mixpanel-swift: e9bef28a9648faff384d5ba6f48ecc2787eb24c0
  mixpanel_flutter: 56a3d296d12ec2b7902792cb3266bdec15d434e8
  native_dialog_plus: 2569983aa751786faf8377ca0b8b7c4d434b4ba1
  open_file_ios: 461db5853723763573e140de3193656f91990d9e
  package_info_plus: c0502532a26c7662a62a356cebe2692ec5fe4ec4
  pasteboard: 982969ebaa7c78af3e6cc7761e8f5e77565d9ce0
  path_provider_foundation: 2b6b4c569c0fb62ec74538f866245ac84301af46
  pdf_render: 0b4e1a615aab83ce88b26c57753049424908a755
  permission_handler_apple: 9878588469a2b0d0fc1e048d9f43605f92e6cec2
  photo_manager: ff695c7a1dd5bc379974953a2b5c0a293f7c4c8a
  PromisesObjC: f5707f49cb48b9636751c5b2e7d227e43fba9f47
  quill_native_bridge_ios: 2b01d585fcc73d0f5eed78c0bd244ee564b06f5a
  receive_sharing_intent: 79c848f5b045674ad60b9fea3bafea59962ad2c1
  record_ios: 1bbc430ab8406174d70332f23e06a3dc751239b4
  SDWebImage: f84b0feeb08d2d11e6a9b843cb06d75ebf5b8868
  share_plus: 8b6f8b3447e494cca5317c8c3073de39b3600d1f
  shared_preferences_foundation: fcdcbc04712aee1108ac7fda236f363274528f78
  sign_in_with_apple: f3bf75217ea4c2c8b91823f225d70230119b8440
  sqflite_darwin: 5a7236e3b501866c1c9befc6771dfd73ffb8702d
  status_bar_control: 7c84146799e6a076315cc1550f78ef53aae3e446
  SwiftyGif: 706c60cf65fa2bc5ee0313beece843c8eb8194d4
  url_launcher_ios: 5334b05cef931de560670eeae103fd3e431ac3fe

PODFILE CHECKSUM: eed46b48cbb358dc5fdd599d8ceb898c2fe1f95a

COCOAPODS: 1.16.2
